
Microsoft Visual Studio Solution File, Format Version 12.00
# Visual Studio Version 16
VisualStudioVersion = 16.0.29411.138
MinimumVisualStudioVersion = 10.0.40219.1
Project("{FAE04EC0-301F-11D3-BF4B-00C04F79EFBC}") = "WindowsFormsApp4", "WindowsFormsApp4\WindowsFormsApp4.csproj", "{0BA27286-EA30-4F29-BA30-5362399CC56E}"
EndProject
Global
	GlobalSection(SolutionConfigurationPlatforms) = preSolution
		Debug|Any CPU = Debug|Any CPU
		Release|Any CPU = Release|Any CPU
	EndGlobalSection
	GlobalSection(ProjectConfigurationPlatforms) = postSolution
		{0BA27286-EA30-4F29-BA30-5362399CC56E}.Debug|Any CPU.ActiveCfg = Debug|Any CPU
		{0BA27286-EA30-4F29-BA30-5362399CC56E}.Debug|Any CPU.Build.0 = Debug|Any CPU
		{0BA27286-EA30-4F29-BA30-5362399CC56E}.Release|Any CPU.ActiveCfg = Release|Any CPU
		{0BA27286-EA30-4F29-BA30-5362399CC56E}.Release|Any CPU.Build.0 = Release|Any CPU
	EndGlobalSection
	GlobalSection(SolutionProperties) = preSolution
		HideSolutionNode = FALSE
	EndGlobalSection
	GlobalSection(ExtensibilityGlobals) = postSolution
		SolutionGuid = {DDE41256-5409-4809-880C-1B6CAF0EC09C}
	EndGlobalSection
EndGlobal
